{
  "name": "project-graph-mcp",
  "version": "2.4.3",
  "lockfileVersion": 3,
  "requires": true,
  "packages": {
    "": {
      "name": "project-graph-mcp",
      "version": "2.4.3",
      "license": "MIT",
      "dependencies": {
        "@symbiotejs/symbiote": "3.8.0-webmcp.2",
        "ws": "^8.20.0"
      },
      "bin": {
        "project-graph-mcp": "src/network/server.js"
      },
      "engines": {
        "node": ">=18.0.0"
      }
    },
    "node_modules/@symbiotejs/symbiote": {
      "version": "3.8.0-webmcp.2",
      "resolved": "https://registry.npmjs.org/@symbiotejs/symbiote/-/symbiote-3.8.0-webmcp.2.tgz",
      "integrity": "sha512-VQJuDCJ15LhUX60ByU2gVmMfzYtVip2ezGkOwa/Nlc/vgLl58f6WYOIs5NfYZSWJ104ElZiipouy/sYXA8mj+g==",
      "license": "MIT",
      "peerDependencies": {
        "linkedom": ">=0.16.0"
      },
      "peerDependenciesMeta": {
        "linkedom": {
          "optional": true
        }
      }
    },
    "node_modules/ws": {
      "version": "8.20.0",
      "license": "MIT",
      "engines": {
        "node": ">=10.0.0"
      },
      "peerDependencies": {
        "bufferutil": "^4.0.1",
        "utf-8-validate": ">=5.0.2"
      },
      "peerDependenciesMeta": {
        "bufferutil": {
          "optional": true
        },
        "utf-8-validate": {
          "optional": true
        }
      }
    }
  }
}
