{
  "name": "project-graph-mcp",
  "version": "2.1.6",
  "lockfileVersion": 3,
  "requires": true,
  "packages": {
    "": {
      "name": "project-graph-mcp",
      "version": "2.1.6",
      "license": "MIT",
      "dependencies": {
        "@symbiotejs/symbiote": "^3.2.1",
        "symbiote-node": "^0.2.0",
        "ws": "^8.20.0"
      },
      "bin": {
        "project-graph-mcp": "src/server.js"
      },
      "engines": {
        "node": ">=18.0.0"
      }
    },
    "node_modules/@symbiotejs/symbiote": {
      "version": "3.5.8",
      "resolved": "https://registry.npmjs.org/@symbiotejs/symbiote/-/symbiote-3.5.8.tgz",
      "integrity": "sha512-p/inu9EvMRUcC3ggLM0xHkmyzpw8oqXaEHpgoY9KtUjr9Xkmi67B5/LszYkB2mgVJW0C3Ir9mkNOJuuaTcANlA==",
      "hasInstallScript": true,
      "license": "MIT",
      "peerDependencies": {
        "linkedom": ">=0.16.0"
      },
      "peerDependenciesMeta": {
        "linkedom": {
          "optional": true
        }
      }
    },
    "node_modules/symbiote-node": {
      "version": "0.2.0",
      "resolved": "https://registry.npmjs.org/symbiote-node/-/symbiote-node-0.2.0.tgz",
      "integrity": "sha512-gberpoeyFH4vhWjfncBHxyn2QSHWmXWeGfHi2lwCES5Pdb16xt8JvVpQXTX4WgPcD+w7PhkDBvzTg68FbD43Kg==",
      "license": "MIT",
      "engines": {
        "node": ">=18.0.0"
      },
      "peerDependencies": {
        "@symbiotejs/symbiote": ">=3.0.0",
        "ws": ">=8.0.0"
      },
      "peerDependenciesMeta": {
        "ws": {
          "optional": true
        }
      }
    },
    "node_modules/ws": {
      "version": "8.20.0",
      "resolved": "https://registry.npmjs.org/ws/-/ws-8.20.0.tgz",
      "integrity": "sha512-sAt8BhgNbzCtgGbt2OxmpuryO63ZoDk/sqaB/znQm94T4fCEsy/yV+7CdC1kJhOU9lboAEU7R3kquuycDoibVA==",
      "license": "MIT",
      "engines": {
        "node": ">=10.0.0"
      },
      "peerDependencies": {
        "bufferutil": "^4.0.1",
        "utf-8-validate": ">=5.0.2"
      },
      "peerDependenciesMeta": {
        "bufferutil": {
          "optional": true
        },
        "utf-8-validate": {
          "optional": true
        }
      }
    }
  }
}
