{
  "name": "tmp-consumer-test",
  "version": "1.0.0",
  "lockfileVersion": 3,
  "requires": true,
  "packages": {
    "": {
      "name": "tmp-consumer-test",
      "version": "1.0.0",
      "license": "ISC",
      "dependencies": {
        "project-graph-mcp": "file:project-graph-mcp-2.3.2.tgz"
      }
    },
    "node_modules/@symbiotejs/symbiote": {
      "version": "3.6.0",
      "resolved": "https://registry.npmjs.org/@symbiotejs/symbiote/-/symbiote-3.6.0.tgz",
      "integrity": "sha512-LwLCebwzLYxDLBW2TY+6MFaCcIV8nZf79kmP6yPcqUiLsEBb6475On0oKnNFUvcofzXtAhZxbW3of/uqRu4jcw==",
      "hasInstallScript": true,
      "license": "MIT",
      "peerDependencies": {
        "linkedom": ">=0.16.0"
      },
      "peerDependenciesMeta": {
        "linkedom": {
          "optional": true
        }
      }
    },
    "node_modules/project-graph-mcp": {
      "version": "2.3.2",
      "resolved": "file:project-graph-mcp-2.3.2.tgz",
      "integrity": "sha512-GROLodRtbVSyi04A662N4V/8n1LGUqayv3OKBWUY2s5Nbvw/keU5s/25JFxMGUSjpmvCbds13KQGG71kDJjb1g==",
      "license": "MIT",
      "dependencies": {
        "@symbiotejs/symbiote": "^3.2.1",
        "ws": "^8.20.0"
      },
      "bin": {
        "project-graph-mcp": "src/network/server.js"
      },
      "engines": {
        "node": ">=18.0.0"
      }
    },
    "node_modules/ws": {
      "version": "8.20.0",
      "resolved": "https://registry.npmjs.org/ws/-/ws-8.20.0.tgz",
      "integrity": "sha512-sAt8BhgNbzCtgGbt2OxmpuryO63ZoDk/sqaB/znQm94T4fCEsy/yV+7CdC1kJhOU9lboAEU7R3kquuycDoibVA==",
      "license": "MIT",
      "engines": {
        "node": ">=10.0.0"
      },
      "peerDependencies": {
        "bufferutil": "^4.0.1",
        "utf-8-validate": ">=5.0.2"
      },
      "peerDependenciesMeta": {
        "bufferutil": {
          "optional": true
        },
        "utf-8-validate": {
          "optional": true
        }
      }
    }
  }
}
